
Microsoft Visual Studio Solution File, Format Version 12.00
# Visual Studio Version 16
VisualStudioVersion = 16.0.29709.97
MinimumVisualStudioVersion = 10.0.40219.1
Project("{FAE04EC0-301F-11D3-BF4B-00C04F79EFBC}") = "CoretoContainerCICD", "CoretoContainerCICD\CoretoContainerCICD.csproj", "{263F2D37-E1E5-4F02-AF93-07FFB69BE3DF}"
EndProject
Global
	GlobalSection(SolutionConfigurationPlatforms) = preSolution
		Debug|Any CPU = Debug|Any CPU
		Release|Any CPU = Release|Any CPU
	EndGlobalSection
	GlobalSection(ProjectConfigurationPlatforms) = postSolution
		{263F2D37-E1E5-4F02-AF93-07FFB69BE3DF}.Debug|Any CPU.ActiveCfg = Debug|Any CPU
		{263F2D37-E1E5-4F02-AF93-07FFB69BE3DF}.Debug|Any CPU.Build.0 = Debug|Any CPU
		{263F2D37-E1E5-4F02-AF93-07FFB69BE3DF}.Release|Any CPU.ActiveCfg = Release|Any CPU
		{263F2D37-E1E5-4F02-AF93-07FFB69BE3DF}.Release|Any CPU.Build.0 = Release|Any CPU
	EndGlobalSection
	GlobalSection(SolutionProperties) = preSolution
		HideSolutionNode = FALSE
	EndGlobalSection
	GlobalSection(ExtensibilityGlobals) = postSolution
		SolutionGuid = {D44FB175-F091-4EAE-871A-18F2F4A72F4F}
	EndGlobalSection
EndGlobal
